// !$*UTF8*$!
{
	archiveVersion = 1;
	classes = {
	};
	objectVersion = 56;
	objects = {

/* Begin PBXBuildFile section */
		34F21CEC2A77ED1200959957 /* snaky_snakeApp.swift in Sources */ = {isa = PBXBuildFile; fileRef = 34F21CEB2A77ED1200959957 /* snaky_snakeApp.swift */; };
		34F21CEE2A77ED1200959957 /* ContentView.swift in Sources */ = {isa = PBXBuildFile; fileRef = 34F21CED2A77ED1200959957 /* ContentView.swift */; };
		34F21CF02A77ED1300959957 /* Assets.xcassets in Resources */ = {isa = PBXBuildFile; fileRef = 34F21CEF2A77ED1300959957 /* Assets.xcassets */; };
		34F21CF42A77ED1300959957 /* Preview Assets.xcassets in Resources */ = {isa = PBXBuildFile; fileRef = 34F21CF32A77ED1300959957 /* Preview Assets.xcassets */; };
		34F21CFE2A77ED1300959957 /* snaky_snakeTests.swift in Sources */ = {isa = PBXBuildFile; fileRef = 34F21CFD2A77ED1300959957 /* snaky_snakeTests.swift */; };
		34F21D082A77ED1300959957 /* snaky_snakeUITests.swift in Sources */ = {isa = PBXBuildFile; fileRef = 34F21D072A77ED1300959957 /* snaky_snakeUITests.swift */; };
		34F21D0A2A77ED1300959957 /* snaky_snakeUITestsLaunchTests.swift in Sources */ = {isa = PBXBuildFile; fileRef = 34F21D092A77ED1300959957 /* snaky_snakeUITestsLaunchTests.swift */; };
/* End PBXBuildFile section */

/* Begin PBXContainerItemProxy section */
		34F21CFA2A77ED1300959957 /* PBXContainerItemProxy */ = {
			isa = PBXContainerItemProxy;
			containerPortal = 34F21CE02A77ED1100959957 /* Project object */;
			proxyType = 1;
			remoteGlobalIDString = 34F21CE72A77ED1200959957;
			remoteInfo = "snaky-snake";
		};
		34F21D042A77ED1300959957 /* PBXContainerItemProxy */ = {
			isa = PBXContainerItemProxy;
			containerPortal = 34F21CE02A77ED1100959957 /* Project object */;
			proxyType = 1;
			remoteGlobalIDString = 34F21CE72A77ED1200959957;
			remoteInfo = "snaky-snake";
		};
/* End PBXContainerItemProxy section */

/* Begin PBXFileReference section */
		34F21CE82A77ED1200959957 /* snaky-snake.app */ = {isa = PBXFileReference; explicitFileType = wrapper.application; includeInIndex = 0; path = "snaky-snake.app"; sourceTree = BUILT_PRODUCTS_DIR; };
		34F21CEB2A77ED1200959957 /* snaky_snakeApp.swift */ = {isa = PBXFileReference; lastKnownFileType = sourcecode.swift; path = snaky_snakeApp.swift; sourceTree = "<group>"; };
		34F21CED2A77ED1200959957 /* ContentView.swift */ = {isa = PBXFileReference; lastKnownFileType = sourcecode.swift; path = ContentView.swift; sourceTree = "<group>"; };
		34F21CEF2A77ED1300959957 /* Assets.xcassets */ = {isa = PBXFileReference; lastKnownFileType = folder.assetcatalog; path = Assets.xcassets; sourceTree = "<group>"; };
		34F21CF12A77ED1300959957 /* snaky_snake.entitlements */ = {isa = PBXFileReference; lastKnownFileType = text.plist.entitlements; path = snaky_snake.entitlements; sourceTree = "<group>"; };
		34F21CF32A77ED1300959957 /* Preview Assets.xcassets */ = {isa = PBXFileReference; lastKnownFileType = folder.assetcatalog; path = "Preview Assets.xcassets"; sourceTree = "<group>"; };
		34F21CF92A77ED1300959957 /* snaky-snakeTests.xctest */ = {isa = PBXFileReference; explicitFileType = wrapper.cfbundle; includeInIndex = 0; path = "snaky-snakeTests.xctest"; sourceTree = BUILT_PRODUCTS_DIR; };
		34F21CFD2A77ED1300959957 /* snaky_snakeTests.swift */ = {isa = PBXFileReference; lastKnownFileType = sourcecode.swift; path = snaky_snakeTests.swift; sourceTree = "<group>"; };
		34F21D032A77ED1300959957 /* snaky-snakeUITests.xctest */ = {isa = PBXFileReference; explicitFileType = wrapper.cfbundle; includeInIndex = 0; path = "snaky-snakeUITests.xctest"; sourceTree = BUILT_PRODUCTS_DIR; };
		34F21D072A77ED1300959957 /* snaky_snakeUITests.swift */ = {isa = PBXFileReference; lastKnownFileType = sourcecode.swift; path = snaky_snakeUITests.swift; sourceTree = "<group>"; };
		34F21D092A77ED1300959957 /* snaky_snakeUITestsLaunchTests.swift */ = {isa = PBXFileReference; lastKnownFileType = sourcecode.swift; path = snaky_snakeUITestsLaunchTests.swift; sourceTree = "<group>"; };
/* End PBXFileReference section */

/* Begin PBXFrameworksBuildPhase section */
		34F21CE52A77ED1200959957 /* Frameworks */ = {
			isa = PBXFrameworksBuildPhase;
			buildActionMask = 2147483647;
			files = (
			);
			runOnlyForDeploymentPostprocessing = 0;
		};
		34F21CF62A77ED1300959957 /* Frameworks */ = {
			isa = PBXFrameworksBuildPhase;
			buildActionMask = 2147483647;
			files = (
			);
			runOnlyForDeploymentPostprocessing = 0;
		};
		34F21D002A77ED1300959957 /* Frameworks */ = {
			isa = PBXFrameworksBuildPhase;
			buildActionMask = 2147483647;
			files = (
			);
			runOnlyForDeploymentPostprocessing = 0;
		};
/* End PBXFrameworksBuildPhase section */

/* Begin PBXGroup section */
		34F21CDF2A77ED1100959957 = {
			isa = PBXGroup;
			children = (
				34F21CEA2A77ED1200959957 /* snaky-snake */,
				34F21CFC2A77ED1300959957 /* snaky-snakeTests */,
				34F21D062A77ED1300959957 /* snaky-snakeUITests */,
				34F21CE92A77ED1200959957 /* Products */,
			);
			sourceTree = "<group>";
		};
		34F21CE92A77ED1200959957 /* Products */ = {
			isa = PBXGroup;
			children = (
				34F21CE82A77ED1200959957 /* snaky-snake.app */,
				34F21CF92A77ED1300959957 /* snaky-snakeTests.xctest */,
				34F21D032A77ED1300959957 /* snaky-snakeUITests.xctest */,
			);
			name = Products;
			sourceTree = "<group>";
		};
		34F21CEA2A77ED1200959957 /* snaky-snake */ = {
			isa = PBXGroup;
			children = (
				34F21CEB2A77ED1200959957 /* snaky_snakeApp.swift */,
				34F21CED2A77ED1200959957 /* ContentView.swift */,
				34F21CEF2A77ED1300959957 /* Assets.xcassets */,
				34F21CF12A77ED1300959957 /* snaky_snake.entitlements */,
				34F21CF22A77ED1300959957 /* Preview Content */,
			);
			path = "snaky-snake";
			sourceTree = "<group>";
		};
		34F21CF22A77ED1300959957 /* Preview Content */ = {
			isa = PBXGroup;
			children = (
				34F21CF32A77ED1300959957 /* Preview Assets.xcassets */,
			);
			path = "Preview Content";
			sourceTree = "<group>";
		};
		34F21CFC2A77ED1300959957 /* snaky-snakeTests */ = {
			isa = PBXGroup;
			children = (
				34F21CFD2A77ED1300959957 /* snaky_snakeTests.swift */,
			);
			path = "snaky-snakeTests";
			sourceTree = "<group>";
		};
		34F21D062A77ED1300959957 /* snaky-snakeUITests */ = {
			isa = PBXGroup;
			children = (
				34F21D072A77ED1300959957 /* snaky_snakeUITests.swift */,
				34F21D092A77ED1300959957 /* snaky_snakeUITestsLaunchTests.swift */,
			);
			path = "snaky-snakeUITests";
			sourceTree = "<group>";
		};
/* End PBXGroup section */

/* Begin PBXNativeTarget section */
		34F21CE72A77ED1200959957 /* snaky-snake */ = {
			isa = PBXNativeTarget;
			buildConfigurationList = 34F21D0D2A77ED1300959957 /* Build configuration list for PBXNativeTarget "snaky-snake" */;
			buildPhases = (
				34F21CE42A77ED1200959957 /* Sources */,
				34F21CE52A77ED1200959957 /* Frameworks */,
				34F21CE62A77ED1200959957 /* Resources */,
			);
			buildRules = (
			);
			dependencies = (
			);
			name = "snaky-snake";
			productName = "snaky-snake";
			productReference = 34F21CE82A77ED1200959957 /* snaky-snake.app */;
			productType = "com.apple.product-type.application";
		};
		34F21CF82A77ED1300959957 /* snaky-snakeTests */ = {
			isa = PBXNativeTarget;
			buildConfigurationList = 34F21D102A77ED1300959957 /* Build configuration list for PBXNativeTarget "snaky-snakeTests" */;
			buildPhases = (
				34F21CF52A77ED1300959957 /* Sources */,
				34F21CF62A77ED1300959957 /* Frameworks */,
				34F21CF72A77ED1300959957 /* Resources */,
			);
			buildRules = (
			);
			dependencies = (
				34F21CFB2A77ED1300959957 /* PBXTargetDependency */,
			);
			name = "snaky-snakeTests";
			productName = "snaky-snakeTests";
			productReference = 34F21CF92A77ED1300959957 /* snaky-snakeTests.xctest */;
			productType = "com.apple.product-type.bundle.unit-test";
		};
		34F21D022A77ED1300959957 /* snaky-snakeUITests */ = {
			isa = PBXNativeTarget;
			buildConfigurationList = 34F21D132A77ED1300959957 /* Build configuration list for PBXNativeTarget "snaky-snakeUITests" */;
			buildPhases = (
				34F21CFF2A77ED1300959957 /* Sources */,
				34F21D002A77ED1300959957 /* Frameworks */,
				34F21D012A77ED1300959957 /* Resources */,
			);
			buildRules = (
			);
			dependencies = (
				34F21D052A77ED1300959957 /* PBXTargetDependency */,
			);
			name = "snaky-snakeUITests";
			productName = "snaky-snakeUITests";
			productReference = 34F21D032A77ED1300959957 /* snaky-snakeUITests.xctest */;
			productType = "com.apple.product-type.bundle.ui-testing";
		};
/* End PBXNativeTarget section */

/* Begin PBXProject section */
		34F21CE02A77ED1100959957 /* Project object */ = {
			isa = PBXProject;
			attributes = {
				BuildIndependentTargetsInParallel = 1;
				LastSwiftUpdateCheck = 1430;
				LastUpgradeCheck = 1430;
				TargetAttributes = {
					34F21CE72A77ED1200959957 = {
						CreatedOnToolsVersion = 14.3.1;
					};
					34F21CF82A77ED1300959957 = {
						CreatedOnToolsVersion = 14.3.1;
						TestTargetID = 34F21CE72A77ED1200959957;
					};
					34F21D022A77ED1300959957 = {
						CreatedOnToolsVersion = 14.3.1;
						TestTargetID = 34F21CE72A77ED1200959957;
					};
				};
			};
			buildConfigurationList = 34F21CE32A77ED1100959957 /* Build configuration list for PBXProject "snaky-snake" */;
			compatibilityVersion = "Xcode 14.0";
			developmentRegion = en;
			hasScannedForEncodings = 0;
			knownRegions = (
				en,
				Base,
			);
			mainGroup = 34F21CDF2A77ED1100959957;
			productRefGroup = 34F21CE92A77ED1200959957 /* Products */;
			projectDirPath = "";
			projectRoot = "";
			targets = (
				34F21CE72A77ED1200959957 /* snaky-snake */,
				34F21CF82A77ED1300959957 /* snaky-snakeTests */,
				34F21D022A77ED1300959957 /* snaky-snakeUITests */,
			);
		};
/* End PBXProject section */

/* Begin PBXResourcesBuildPhase section */
		34F21CE62A77ED1200959957 /* Resources */ = {
			isa = PBXResourcesBuildPhase;
			buildActionMask = 2147483647;
			files = (
				34F21CF42A77ED1300959957 /* Preview Assets.xcassets in Resources */,
				34F21CF02A77ED1300959957 /* Assets.xcassets in Resources */,
			);
			runOnlyForDeploymentPostprocessing = 0;
		};
		34F21CF72A77ED1300959957 /* Resources */ = {
			isa = PBXResourcesBuildPhase;
			buildActionMask = 2147483647;
			files = (
			);
			runOnlyForDeploymentPostprocessing = 0;
		};
		34F21D012A77ED1300959957 /* Resources */ = {
			isa = PBXResourcesBuildPhase;
			buildActionMask = 2147483647;
			files = (
			);
			runOnlyForDeploymentPostprocessing = 0;
		};
/* End PBXResourcesBuildPhase section */

/* Begin PBXSourcesBuildPhase section */
		34F21CE42A77ED1200959957 /* Sources */ = {
			isa = PBXSourcesBuildPhase;
			buildActionMask = 2147483647;
			files = (
				34F21CEE2A77ED1200959957 /* ContentView.swift in Sources */,
				34F21CEC2A77ED1200959957 /* snaky_snakeApp.swift in Sources */,
			);
			runOnlyForDeploymentPostprocessing = 0;
		};
		34F21CF52A77ED1300959957 /* Sources */ = {
			isa = PBXSourcesBuildPhase;
			buildActionMask = 2147483647;
			files = (
				34F21CFE2A77ED1300959957 /* snaky_snakeTests.swift in Sources */,
			);
			runOnlyForDeploymentPostprocessing = 0;
		};
		34F21CFF2A77ED1300959957 /* Sources */ = {
			isa = PBXSourcesBuildPhase;
			buildActionMask = 2147483647;
			files = (
				34F21D0A2A77ED1300959957 /* snaky_snakeUITestsLaunchTests.swift in Sources */,
				34F21D082A77ED1300959957 /* snaky_snakeUITests.swift in Sources */,
			);
			runOnlyForDeploymentPostprocessing = 0;
		};
/* End PBXSourcesBuildPhase section */

/* Begin PBXTargetDependency section */
		34F21CFB2A77ED1300959957 /* PBXTargetDependency */ = {
			isa = PBXTargetDependency;
			target = 34F21CE72A77ED1200959957 /* snaky-snake */;
			targetProxy = 34F21CFA2A77ED1300959957 /* PBXContainerItemProxy */;
		};
		34F21D052A77ED1300959957 /* PBXTargetDependency */ = {
			isa = PBXTargetDependency;
			target = 34F21CE72A77ED1200959957 /* snaky-snake */;
			targetProxy = 34F21D042A77ED1300959957 /* PBXContainerItemProxy */;
		};
/* End PBXTargetDependency section */

/* Begin XCBuildConfiguration section */
		34F21D0B2A77ED1300959957 /* Debug */ = {
			isa = XCBuildConfiguration;
			buildSettings = {
				ALWAYS_SEARCH_USER_PATHS = NO;
				CLANG_ANALYZER_NONNULL = YES;
				CLANG_ANALYZER_NUMBER_OBJECT_CONVERSION = YES_AGGRESSIVE;
				CLANG_CXX_LANGUAGE_STANDARD = "gnu++20";
				CLANG_ENABLE_MODULES = YES;
				CLANG_ENABLE_OBJC_ARC = YES;
				CLANG_ENABLE_OBJC_WEAK = YES;
				CLANG_WARN_BLOCK_CAPTURE_AUTORELEASING = YES;
				CLANG_WARN_BOOL_CONVERSION = YES;
				CLANG_WARN_COMMA = YES;
				CLANG_WARN_CONSTANT_CONVERSION = YES;
				CLANG_WARN_DEPRECATED_OBJC_IMPLEMENTATIONS = YES;
				CLANG_WARN_DIRECT_OBJC_ISA_USAGE = YES_ERROR;
				CLANG_WARN_DOCUMENTATION_COMMENTS = YES;
				CLANG_WARN_EMPTY_BODY = YES;
				CLANG_WARN_ENUM_CONVERSION = YES;
				CLANG_WARN_INFINITE_RECURSION = YES;
				CLANG_WARN_INT_CONVERSION = YES;
				CLANG_WARN_NON_LITERAL_NULL_CONVERSION = YES;
				CLANG_WARN_OBJC_IMPLICIT_RETAIN_SELF = YES;
				CLANG_WARN_OBJC_LITERAL_CONVERSION = YES;
				CLANG_WARN_OBJC_ROOT_CLASS = YES_ERROR;
				CLANG_WARN_QUOTED_INCLUDE_IN_FRAMEWORK_HEADER = YES;
				CLANG_WARN_RANGE_LOOP_ANALYSIS = YES;
				CLANG_WARN_STRICT_PROTOTYPES = YES;
				CLANG_WARN_SUSPICIOUS_MOVE = YES;
				CLANG_WARN_UNGUARDED_AVAILABILITY = YES_AGGRESSIVE;
				CLANG_WARN_UNREACHABLE_CODE = YES;
				CLANG_WARN__DUPLICATE_METHOD_MATCH = YES;
				COPY_PHASE_STRIP = NO;
				DEBUG_INFORMATION_FORMAT = dwarf;
				ENABLE_STRICT_OBJC_MSGSEND = YES;
				ENABLE_TESTABILITY = YES;
				GCC_C_LANGUAGE_STANDARD = gnu11;
				GCC_DYNAMIC_NO_PIC = NO;
				GCC_NO_COMMON_BLOCKS = YES;
				GCC_OPTIMIZATION_LEVEL = 0;
				GCC_PREPROCESSOR_DEFINITIONS = (
					"DEBUG=1",
					"$(inherited)",
				);
				GCC_WARN_64_TO_32_BIT_CONVERSION = YES;
				GCC_WARN_ABOUT_RETURN_TYPE = YES_ERROR;
				GCC_WARN_UNDECLARED_SELECTOR = YES;
				GCC_WARN_UNINITIALIZED_AUTOS = YES_AGGRESSIVE;
				GCC_WARN_UNUSED_FUNCTION = YES;
				GCC_WARN_UNUSED_VARIABLE = YES;
				MTL_ENABLE_DEBUG_INFO = INCLUDE_SOURCE;
				MTL_FAST_MATH = YES;
				ONLY_ACTIVE_ARCH = YES;
				SWIFT_ACTIVE_COMPILATION_CONDITIONS = DEBUG;
				SWIFT_OPTIMIZATION_LEVEL = "-Onone";
			};
			name = Debug;
		};
		34F21D0C2A77ED1300959957 /* Release */ = {
			isa = XCBuildConfiguration;
			buildSettings = {
				ALWAYS_SEARCH_USER_PATHS = NO;
				CLANG_ANALYZER_NONNULL = YES;
				CLANG_ANALYZER_NUMBER_OBJECT_CONVERSION = YES_AGGRESSIVE;
				CLANG_CXX_LANGUAGE_STANDARD = "gnu++20";
				CLANG_ENABLE_MODULES = YES;
				CLANG_ENABLE_OBJC_ARC = YES;
				CLANG_ENABLE_OBJC_WEAK = YES;
				CLANG_WARN_BLOCK_CAPTURE_AUTORELEASING = YES;
				CLANG_WARN_BOOL_CONVERSION = YES;
				CLANG_WARN_COMMA = YES;
				CLANG_WARN_CONSTANT_CONVERSION = YES;
				CLANG_WARN_DEPRECATED_OBJC_IMPLEMENTATIONS = YES;
				CLANG_WARN_DIRECT_OBJC_ISA_USAGE = YES_ERROR;
				CLANG_WARN_DOCUMENTATION_COMMENTS = YES;
				CLANG_WARN_EMPTY_BODY = YES;
				CLANG_WARN_ENUM_CONVERSION = YES;
				CLANG_WARN_INFINITE_RECURSION = YES;
				CLANG_WARN_INT_CONVERSION = YES;
				CLANG_WARN_NON_LITERAL_NULL_CONVERSION = YES;
				CLANG_WARN_OBJC_IMPLICIT_RETAIN_SELF = YES;
				CLANG_WARN_OBJC_LITERAL_CONVERSION = YES;
				CLANG_WARN_OBJC_ROOT_CLASS = YES_ERROR;
				CLANG_WARN_QUOTED_INCLUDE_IN_FRAMEWORK_HEADER = YES;
				CLANG_WARN_RANGE_LOOP_ANALYSIS = YES;
				CLANG_WARN_STRICT_PROTOTYPES = YES;
				CLANG_WARN_SUSPICIOUS_MOVE = YES;
				CLANG_WARN_UNGUARDED_AVAILABILITY = YES_AGGRESSIVE;
				CLANG_WARN_UNREACHABLE_CODE = YES;
				CLANG_WARN__DUPLICATE_METHOD_MATCH = YES;
				COPY_PHASE_STRIP = NO;
				DEBUG_INFORMATION_FORMAT = "dwarf-with-dsym";
				ENABLE_NS_ASSERTIONS = NO;
				ENABLE_STRICT_OBJC_MSGSEND = YES;
				GCC_C_LANGUAGE_STANDARD = gnu11;
				GCC_NO_COMMON_BLOCKS = YES;
				GCC_WARN_64_TO_32_BIT_CONVERSION = YES;
				GCC_WARN_ABOUT_RETURN_TYPE = YES_ERROR;
				GCC_WARN_UNDECLARED_SELECTOR = YES;
				GCC_WARN_UNINITIALIZED_AUTOS = YES_AGGRESSIVE;
				GCC_WARN_UNUSED_FUNCTION = YES;
				GCC_WARN_UNUSED_VARIABLE = YES;
				MTL_ENABLE_DEBUG_INFO = NO;
				MTL_FAST_MATH = YES;
				SWIFT_COMPILATION_MODE = wholemodule;
				SWIFT_OPTIMIZATION_LEVEL = "-O";
			};
			name = Release;
		};
		34F21D0E2A77ED1300959957 /* Debug */ = {
			isa = XCBuildConfiguration;
			buildSettings = {
				ASSETCATALOG_COMPILER_APPICON_NAME = AppIcon;
				ASSETCATALOG_COMPILER_GLOBAL_ACCENT_COLOR_NAME = AccentColor;
				CODE_SIGN_ENTITLEMENTS = "snaky-snake/snaky_snake.entitlements";
				CODE_SIGN_STYLE = Automatic;
				CURRENT_PROJECT_VERSION = 1;
				DEVELOPMENT_ASSET_PATHS = "\"snaky-snake/Preview Content\"";
				DEVELOPMENT_TEAM = 5J526AW5AV;
				ENABLE_HARDENED_RUNTIME = YES;
				ENABLE_PREVIEWS = YES;
				GENERATE_INFOPLIST_FILE = YES;
				"INFOPLIST_KEY_UIApplicationSceneManifest_Generation[sdk=iphoneos*]" = YES;
				"INFOPLIST_KEY_UIApplicationSceneManifest_Generation[sdk=iphonesimulator*]" = YES;
				"INFOPLIST_KEY_UIApplicationSupportsIndirectInputEvents[sdk=iphoneos*]" = YES;
				"INFOPLIST_KEY_UIApplicationSupportsIndirectInputEvents[sdk=iphonesimulator*]" = YES;
				"INFOPLIST_KEY_UILaunchScreen_Generation[sdk=iphoneos*]" = YES;
				"INFOPLIST_KEY_UILaunchScreen_Generation[sdk=iphonesimulator*]" = YES;
				"INFOPLIST_KEY_UIStatusBarStyle[sdk=iphoneos*]" = UIStatusBarStyleDefault;
				"INFOPLIST_KEY_UIStatusBarStyle[sdk=iphonesimulator*]" = UIStatusBarStyleDefault;
				INFOPLIST_KEY_UISupportedInterfaceOrientations_iPad = "UIInterfaceOrientationPortrait UIInterfaceOrientationPortraitUpsideDown UIInterfaceOrientationLandscapeLeft UIInterfaceOrientationLandscapeRight";
				INFOPLIST_KEY_UISupportedInterfaceOrientations_iPhone = "UIInterfaceOrientationPortrait UIInterfaceOrientationLandscapeLeft UIInterfaceOrientationLandscapeRight";
				IPHONEOS_DEPLOYMENT_TARGET = 16.4;
				LD_RUNPATH_SEARCH_PATHS = "@executable_path/Frameworks";
				"LD_RUNPATH_SEARCH_PATHS[sdk=macosx*]" = "@executable_path/../Frameworks";
				MACOSX_DEPLOYMENT_TARGET = 13.1;
				MARKETING_VERSION = 1.0;
				PRODUCT_BUNDLE_IDENTIFIER = "anvient.snaky-snake";
				PRODUCT_NAME = "$(TARGET_NAME)";
				SDKROOT = auto;
				SUPPORTED_PLATFORMS = "iphoneos iphonesimulator macosx";
				SWIFT_EMIT_LOC_STRINGS = YES;
				SWIFT_VERSION = 5.0;
				TARGETED_DEVICE_FAMILY = "1,2";
			};
			name = Debug;
		};
		34F21D0F2A77ED1300959957 /* Release */ = {
			isa = XCBuildConfiguration;
			buildSettings = {
				ASSETCATALOG_COMPILER_APPICON_NAME = AppIcon;
				ASSETCATALOG_COMPILER_GLOBAL_ACCENT_COLOR_NAME = AccentColor;
				CODE_SIGN_ENTITLEMENTS = "snaky-snake/snaky_snake.entitlements";
				CODE_SIGN_STYLE = Automatic;
				CURRENT_PROJECT_VERSION = 1;
				DEVELOPMENT_ASSET_PATHS = "\"snaky-snake/Preview Content\"";
				DEVELOPMENT_TEAM = 5J526AW5AV;
				ENABLE_HARDENED_RUNTIME = YES;
				ENABLE_PREVIEWS = YES;
				GENERATE_INFOPLIST_FILE = YES;
				"INFOPLIST_KEY_UIApplicationSceneManifest_Generation[sdk=iphoneos*]" = YES;
				"INFOPLIST_KEY_UIApplicationSceneManifest_Generation[sdk=iphonesimulator*]" = YES;
				"INFOPLIST_KEY_UIApplicationSupportsIndirectInputEvents[sdk=iphoneos*]" = YES;
				"INFOPLIST_KEY_UIApplicationSupportsIndirectInputEvents[sdk=iphonesimulator*]" = YES;
				"INFOPLIST_KEY_UILaunchScreen_Generation[sdk=iphoneos*]" = YES;
				"INFOPLIST_KEY_UILaunchScreen_Generation[sdk=iphonesimulator*]" = YES;
				"INFOPLIST_KEY_UIStatusBarStyle[sdk=iphoneos*]" = UIStatusBarStyleDefault;
				"INFOPLIST_KEY_UIStatusBarStyle[sdk=iphonesimulator*]" = UIStatusBarStyleDefault;
				INFOPLIST_KEY_UISupportedInterfaceOrientations_iPad = "UIInterfaceOrientationPortrait UIInterfaceOrientationPortraitUpsideDown UIInterfaceOrientationLandscapeLeft UIInterfaceOrientationLandscapeRight";
				INFOPLIST_KEY_UISupportedInterfaceOrientations_iPhone = "UIInterfaceOrientationPortrait UIInterfaceOrientationLandscapeLeft UIInterfaceOrientationLandscapeRight";
				IPHONEOS_DEPLOYMENT_TARGET = 16.4;
				LD_RUNPATH_SEARCH_PATHS = "@executable_path/Frameworks";
				"LD_RUNPATH_SEARCH_PATHS[sdk=macosx*]" = "@executable_path/../Frameworks";
				MACOSX_DEPLOYMENT_TARGET = 13.1;
				MARKETING_VERSION = 1.0;
				PRODUCT_BUNDLE_IDENTIFIER = "anvient.snaky-snake";
				PRODUCT_NAME = "$(TARGET_NAME)";
				SDKROOT = auto;
				SUPPORTED_PLATFORMS = "iphoneos iphonesimulator macosx";
				SWIFT_EMIT_LOC_STRINGS = YES;
				SWIFT_VERSION = 5.0;
				TARGETED_DEVICE_FAMILY = "1,2";
			};
			name = Release;
		};
		34F21D112A77ED1300959957 /* Debug */ = {
			isa = XCBuildConfiguration;
			buildSettings = {
				ALWAYS_EMBED_SWIFT_STANDARD_LIBRARIES = YES;
				BUNDLE_LOADER = "$(TEST_HOST)";
				CODE_SIGN_STYLE = Automatic;
				CURRENT_PROJECT_VERSION = 1;
				DEVELOPMENT_TEAM = 5J526AW5AV;
				GENERATE_INFOPLIST_FILE = YES;
				IPHONEOS_DEPLOYMENT_TARGET = 16.4;
				MACOSX_DEPLOYMENT_TARGET = 13.1;
				MARKETING_VERSION = 1.0;
				PRODUCT_BUNDLE_IDENTIFIER = "anvient.snaky-snakeTests";
				PRODUCT_NAME = "$(TARGET_NAME)";
				SDKROOT = auto;
				SUPPORTED_PLATFORMS = "iphoneos iphonesimulator macosx";
				SWIFT_EMIT_LOC_STRINGS = NO;
				SWIFT_VERSION = 5.0;
				TARGETED_DEVICE_FAMILY = "1,2";
				TEST_HOST = "$(BUILT_PRODUCTS_DIR)/snaky-snake.app/$(BUNDLE_EXECUTABLE_FOLDER_PATH)/snaky-snake";
			};
			name = Debug;
		};
		34F21D122A77ED1300959957 /* Release */ = {
			isa = XCBuildConfiguration;
			buildSettings = {
				ALWAYS_EMBED_SWIFT_STANDARD_LIBRARIES = YES;
				BUNDLE_LOADER = "$(TEST_HOST)";
				CODE_SIGN_STYLE = Automatic;
				CURRENT_PROJECT_VERSION = 1;
				DEVELOPMENT_TEAM = 5J526AW5AV;
				GENERATE_INFOPLIST_FILE = YES;
				IPHONEOS_DEPLOYMENT_TARGET = 16.4;
				MACOSX_DEPLOYMENT_TARGET = 13.1;
				MARKETING_VERSION = 1.0;
				PRODUCT_BUNDLE_IDENTIFIER = "anvient.snaky-snakeTests";
				PRODUCT_NAME = "$(TARGET_NAME)";
				SDKROOT = auto;
				SUPPORTED_PLATFORMS = "iphoneos iphonesimulator macosx";
				SWIFT_EMIT_LOC_STRINGS = NO;
				SWIFT_VERSION = 5.0;
				TARGETED_DEVICE_FAMILY = "1,2";
				TEST_HOST = "$(BUILT_PRODUCTS_DIR)/snaky-snake.app/$(BUNDLE_EXECUTABLE_FOLDER_PATH)/snaky-snake";
			};
			name = Release;
		};
		34F21D142A77ED1300959957 /* Debug */ = {
			isa = XCBuildConfiguration;
			buildSettings = {
				ALWAYS_EMBED_SWIFT_STANDARD_LIBRARIES = YES;
				CODE_SIGN_STYLE = Automatic;
				CURRENT_PROJECT_VERSION = 1;
				DEVELOPMENT_TEAM = 5J526AW5AV;
				GENERATE_INFOPLIST_FILE = YES;
				IPHONEOS_DEPLOYMENT_TARGET = 16.4;
				MACOSX_DEPLOYMENT_TARGET = 13.1;
				MARKETING_VERSION = 1.0;
				PRODUCT_BUNDLE_IDENTIFIER = "anvient.snaky-snakeUITests";
				PRODUCT_NAME = "$(TARGET_NAME)";
				SDKROOT = auto;
				SUPPORTED_PLATFORMS = "iphoneos iphonesimulator macosx";
				SWIFT_EMIT_LOC_STRINGS = NO;
				SWIFT_VERSION = 5.0;
				TARGETED_DEVICE_FAMILY = "1,2";
				TEST_TARGET_NAME = "snaky-snake";
			};
			name = Debug;
		};
		34F21D152A77ED1300959957 /* Release */ = {
			isa = XCBuildConfiguration;
			buildSettings = {
				ALWAYS_EMBED_SWIFT_STANDARD_LIBRARIES = YES;
				CODE_SIGN_STYLE = Automatic;
				CURRENT_PROJECT_VERSION = 1;
				DEVELOPMENT_TEAM = 5J526AW5AV;
				GENERATE_INFOPLIST_FILE = YES;
				IPHONEOS_DEPLOYMENT_TARGET = 16.4;
				MACOSX_DEPLOYMENT_TARGET = 13.1;
				MARKETING_VERSION = 1.0;
				PRODUCT_BUNDLE_IDENTIFIER = "anvient.snaky-snakeUITests";
				PRODUCT_NAME = "$(TARGET_NAME)";
				SDKROOT = auto;
				SUPPORTED_PLATFORMS = "iphoneos iphonesimulator macosx";
				SWIFT_EMIT_LOC_STRINGS = NO;
				SWIFT_VERSION = 5.0;
				TARGETED_DEVICE_FAMILY = "1,2";
				TEST_TARGET_NAME = "snaky-snake";
			};
			name = Release;
		};
/* End XCBuildConfiguration section */

/* Begin XCConfigurationList section */
		34F21CE32A77ED1100959957 /* Build configuration list for PBXProject "snaky-snake" */ = {
			isa = XCConfigurationList;
			buildConfigurations = (
				34F21D0B2A77ED1300959957 /* Debug */,
				34F21D0C2A77ED1300959957 /* Release */,
			);
			defaultConfigurationIsVisible = 0;
			defaultConfigurationName = Release;
		};
		34F21D0D2A77ED1300959957 /* Build configuration list for PBXNativeTarget "snaky-snake" */ = {
			isa = XCConfigurationList;
			buildConfigurations = (
				34F21D0E2A77ED1300959957 /* Debug */,
				34F21D0F2A77ED1300959957 /* Release */,
			);
			defaultConfigurationIsVisible = 0;
			defaultConfigurationName = Release;
		};
		34F21D102A77ED1300959957 /* Build configuration list for PBXNativeTarget "snaky-snakeTests" */ = {
			isa = XCConfigurationList;
			buildConfigurations = (
				34F21D112A77ED1300959957 /* Debug */,
				34F21D122A77ED1300959957 /* Release */,
			);
			defaultConfigurationIsVisible = 0;
			defaultConfigurationName = Release;
		};
		34F21D132A77ED1300959957 /* Build configuration list for PBXNativeTarget "snaky-snakeUITests" */ = {
			isa = XCConfigurationList;
			buildConfigurations = (
				34F21D142A77ED1300959957 /* Debug */,
				34F21D152A77ED1300959957 /* Release */,
			);
			defaultConfigurationIsVisible = 0;
			defaultConfigurationName = Release;
		};
/* End XCConfigurationList section */
	};
	rootObject = 34F21CE02A77ED1100959957 /* Project object */;
}
